
Microsoft Visual Studio Solution File, Format Version 12.00
# Visual Studio Version 16
VisualStudioVersion = 16.0.31605.320
MinimumVisualStudioVersion = 10.0.40219.1
Project("{FAE04EC0-301F-11D3-BF4B-00C04F79EFBC}") = "HR_System", "HR_System\HR_System.csproj", "{46F4B4C3-C426-44B1-AC3F-2333A82A2223}"
EndProject
Global
	GlobalSection(SolutionConfigurationPlatforms) = preSolution
		Debug|Any CPU = Debug|Any CPU
		Release|Any CPU = Release|Any CPU
	EndGlobalSection
	GlobalSection(ProjectConfigurationPlatforms) = postSolution
		{46F4B4C3-C426-44B1-AC3F-2333A82A2223}.Debug|Any CPU.ActiveCfg = Debug|Any CPU
		{46F4B4C3-C426-44B1-AC3F-2333A82A2223}.Debug|Any CPU.Build.0 = Debug|Any CPU
		{46F4B4C3-C426-44B1-AC3F-2333A82A2223}.Release|Any CPU.ActiveCfg = Release|Any CPU
		{46F4B4C3-C426-44B1-AC3F-2333A82A2223}.Release|Any CPU.Build.0 = Release|Any CPU
	EndGlobalSection
	GlobalSection(SolutionProperties) = preSolution
		HideSolutionNode = FALSE
	EndGlobalSection
	GlobalSection(ExtensibilityGlobals) = postSolution
		SolutionGuid = {10E2A4DE-7D48-4AA8-BB27-62DD660231D1}
	EndGlobalSection
EndGlobal
